PODS:
  - Starscream (4.0.6)
  - SwiftyJSON (5.0.1)

DEPENDENCIES:
  - Starscream (~> 4.0.6)
  - SwiftyJSON

SPEC REPOS:
  trunk:
    - Starscream
    - SwiftyJSON

SPEC CHECKSUMS:
  Starscream: fb2c4510bebf908c62bd383bcf05e673720e91fd
  SwiftyJSON: 2f33a42c6fbc52764d96f13368585094bfd8aa5e

PODFILE CHECKSUM: 17cfe4f643eb2367c9b624dc62d39673cbc9000b

COCOAPODS: 1.14.2
