PODS:
  - Starscream (1.0.1)
  - SwiftyJSON (2.3.1)

DEPENDENCIES:
  - Starscream (from `https://github.com/daltoniam/Starscream.git`)
  - SwiftyJSON

EXTERNAL SOURCES:
  Starscream:
    :git: https://github.com/daltoniam/Starscream.git

CHECKOUT OPTIONS:
  Starscream:
    :commit: 756a42756a1a1a000858da6f52ec1445f7279516
    :git: https://github.com/daltoniam/Starscream.git

SPEC CHECKSUMS:
  Starscream: 4ed9a5d6ade438224cf5868c0b1e6a51e0026238
  SwiftyJSON: 592b53bee5ef3dd9b3bebc6b9cb7ee35426ae8c3

COCOAPODS: 0.39.0
